
Microsoft Visual Studio Solution File, Format Version 12.00
# Visual Studio Version 16
VisualStudioVersion = 16.0.29509.3
MinimumVisualStudioVersion = 10.0.40219.1
Project("{FAE04EC0-301F-11D3-BF4B-00C04F79EFBC}") = "RedisTest", "RedisTest\RedisTest.csproj", "{3449772E-3789-4E73-A1E9-FFF8B8EA800C}"
EndProject
Global
	GlobalSection(SolutionConfigurationPlatforms) = preSolution
		Debug|Any CPU = Debug|Any CPU
		Release|Any CPU = Release|Any CPU
	EndGlobalSection
	GlobalSection(ProjectConfigurationPlatforms) = postSolution
		{3449772E-3789-4E73-A1E9-FFF8B8EA800C}.Debug|Any CPU.ActiveCfg = Debug|Any CPU
		{3449772E-3789-4E73-A1E9-FFF8B8EA800C}.Debug|Any CPU.Build.0 = Debug|Any CPU
		{3449772E-3789-4E73-A1E9-FFF8B8EA800C}.Release|Any CPU.ActiveCfg = Release|Any CPU
		{3449772E-3789-4E73-A1E9-FFF8B8EA800C}.Release|Any CPU.Build.0 = Release|Any CPU
	EndGlobalSection
	GlobalSection(SolutionProperties) = preSolution
		HideSolutionNode = FALSE
	EndGlobalSection
	GlobalSection(ExtensibilityGlobals) = postSolution
		SolutionGuid = {764072DF-6268-4FBE-87C0-1552175A0A1B}
	EndGlobalSection
EndGlobal
